
Microsoft Visual Studio Solution File, Format Version 12.00
# Visual Studio Version 17
VisualStudioVersion = 17.5.33516.290
MinimumVisualStudioVersion = 10.0.40219.1
Project("{FAE04EC0-301F-11D3-BF4B-00C04F79EFBC}") = "Concierto.Shared", "Concierto.Shared\Concierto.Shared.csproj", "{20017827-75EF-408C-97E0-CFF6AB97011F}"
EndProject
Project("{FAE04EC0-301F-11D3-BF4B-00C04F79EFBC}") = "Concierto.API", "Concierto.API\Concierto.API.csproj", "{021B1AA1-BCD5-4FC0-8BF8-ED27C83CAB40}"
EndProject
Project("{FAE04EC0-301F-11D3-BF4B-00C04F79EFBC}") = "Concierto.WEB", "Concierto.WEB\Concierto.WEB.csproj", "{C44216C8-987F-4141-B891-16BE13C4B434}"
EndProject
Global
	GlobalSection(SolutionConfigurationPlatforms) = preSolution
		Debug|Any CPU = Debug|Any CPU
		Release|Any CPU = Release|Any CPU
	EndGlobalSection
	GlobalSection(ProjectConfigurationPlatforms) = postSolution
		{20017827-75EF-408C-97E0-CFF6AB97011F}.Debug|Any CPU.ActiveCfg = Debug|Any CPU
		{20017827-75EF-408C-97E0-CFF6AB97011F}.Debug|Any CPU.Build.0 = Debug|Any CPU
		{20017827-75EF-408C-97E0-CFF6AB97011F}.Release|Any CPU.ActiveCfg = Release|Any CPU
		{20017827-75EF-408C-97E0-CFF6AB97011F}.Release|Any CPU.Build.0 = Release|Any CPU
		{021B1AA1-BCD5-4FC0-8BF8-ED27C83CAB40}.Debug|Any CPU.ActiveCfg = Debug|Any CPU
		{021B1AA1-BCD5-4FC0-8BF8-ED27C83CAB40}.Debug|Any CPU.Build.0 = Debug|Any CPU
		{021B1AA1-BCD5-4FC0-8BF8-ED27C83CAB40}.Release|Any CPU.ActiveCfg = Release|Any CPU
		{021B1AA1-BCD5-4FC0-8BF8-ED27C83CAB40}.Release|Any CPU.Build.0 = Release|Any CPU
		{C44216C8-987F-4141-B891-16BE13C4B434}.Debug|Any CPU.ActiveCfg = Debug|Any CPU
		{C44216C8-987F-4141-B891-16BE13C4B434}.Debug|Any CPU.Build.0 = Debug|Any CPU
		{C44216C8-987F-4141-B891-16BE13C4B434}.Release|Any CPU.ActiveCfg = Release|Any CPU
		{C44216C8-987F-4141-B891-16BE13C4B434}.Release|Any CPU.Build.0 = Release|Any CPU
	EndGlobalSection
	GlobalSection(SolutionProperties) = preSolution
		HideSolutionNode = FALSE
	EndGlobalSection
	GlobalSection(ExtensibilityGlobals) = postSolution
		SolutionGuid = {E21FBC9A-7E21-46DF-8429-A6BD398EA0C4}
	EndGlobalSection
EndGlobal
